
Microsoft Visual Studio Solution File, Format Version 12.00
# Visual Studio Version 17
VisualStudioVersion = 17.2.32516.85
MinimumVisualStudioVersion = 10.0.40219.1
Project("{FAE04EC0-301F-11D3-BF4B-00C04F79EFBC}") = "XSOVRCParser", "XSOVRCParser.csproj", "{E93EC6C4-3650-4619-A87D-72F815DC9D14}"
EndProject
Global
	GlobalSection(SolutionConfigurationPlatforms) = preSolution
		Debug|Any CPU = Debug|Any CPU
		Release|Any CPU = Release|Any CPU
	EndGlobalSection
	GlobalSection(ProjectConfigurationPlatforms) = postSolution
		{E93EC6C4-3650-4619-A87D-72F815DC9D14}.Debug|Any CPU.ActiveCfg = Debug|Any CPU
		{E93EC6C4-3650-4619-A87D-72F815DC9D14}.Debug|Any CPU.Build.0 = Debug|Any CPU
		{E93EC6C4-3650-4619-A87D-72F815DC9D14}.Release|Any CPU.ActiveCfg = Release|Any CPU
		{E93EC6C4-3650-4619-A87D-72F815DC9D14}.Release|Any CPU.Build.0 = Release|Any CPU
	EndGlobalSection
	GlobalSection(SolutionProperties) = preSolution
		HideSolutionNode = FALSE
	EndGlobalSection
	GlobalSection(ExtensibilityGlobals) = postSolution
		SolutionGuid = {21F6E3DB-C570-400A-A69A-5AC48BBA87ED}
	EndGlobalSection
EndGlobal
